
Microsoft Visual Studio Solution File, Format Version 12.00
# Visual Studio 15
VisualStudioVersion = 15.0.28307.1831
MinimumVisualStudioVersion = 10.0.40219.1
Project("{FAE04EC0-301F-11D3-BF4B-00C04F79EFBC}") = "Music", "Music\Music.csproj", "{BFBCA012-AA04-4535-A345-8AEC461824DA}"
EndProject
Global
	GlobalSection(SolutionConfigurationPlatforms) = preSolution
		Debug|Any CPU = Debug|Any CPU
		Release|Any CPU = Release|Any CPU
	EndGlobalSection
	GlobalSection(ProjectConfigurationPlatforms) = postSolution
		{BFBCA012-AA04-4535-A345-8AEC461824DA}.Debug|Any CPU.ActiveCfg = Debug|Any CPU
		{BFBCA012-AA04-4535-A345-8AEC461824DA}.Debug|Any CPU.Build.0 = Debug|Any CPU
		{BFBCA012-AA04-4535-A345-8AEC461824DA}.Release|Any CPU.ActiveCfg = Release|Any CPU
		{BFBCA012-AA04-4535-A345-8AEC461824DA}.Release|Any CPU.Build.0 = Release|Any CPU
	EndGlobalSection
	GlobalSection(SolutionProperties) = preSolution
		HideSolutionNode = FALSE
	EndGlobalSection
	GlobalSection(ExtensibilityGlobals) = postSolution
		SolutionGuid = {A08A5BCA-8133-49DD-B4C5-BDB5D48BA292}
	EndGlobalSection
EndGlobal
